
Microsoft Visual Studio Solution File, Format Version 12.00
# Visual Studio Version 16
VisualStudioVersion = 16.0.808.4
MinimumVisualStudioVersion = 10.0.40219.1
Project("{FAE04EC0-301F-11D3-BF4B-00C04F79EFBC}") = "CoroutineWrapper", "CoroutineWrapper\CoroutineWrapper.csproj", "{88A058DE-3616-4088-BD76-91E6D77230B4}"
EndProject
Global
	GlobalSection(SolutionConfigurationPlatforms) = preSolution
		Debug|Any CPU = Debug|Any CPU
		Release|Any CPU = Release|Any CPU
	EndGlobalSection
	GlobalSection(ProjectConfigurationPlatforms) = postSolution
		{88A058DE-3616-4088-BD76-91E6D77230B4}.Debug|Any CPU.ActiveCfg = Debug|Any CPU
		{88A058DE-3616-4088-BD76-91E6D77230B4}.Debug|Any CPU.Build.0 = Debug|Any CPU
		{88A058DE-3616-4088-BD76-91E6D77230B4}.Release|Any CPU.ActiveCfg = Release|Any CPU
		{88A058DE-3616-4088-BD76-91E6D77230B4}.Release|Any CPU.Build.0 = Release|Any CPU
	EndGlobalSection
	GlobalSection(SolutionProperties) = preSolution
		HideSolutionNode = FALSE
	EndGlobalSection
	GlobalSection(ExtensibilityGlobals) = postSolution
		SolutionGuid = {EBAADD69-230B-4727-8DF2-8DF5A930B4B5}
	EndGlobalSection
EndGlobal
